
Microsoft Visual Studio Solution File, Format Version 12.00
# Visual Studio 2013
VisualStudioVersion = 12.0.40629.0
MinimumVisualStudioVersion = 10.0.40219.1
Project("{FAE04EC0-301F-11D3-BF4B-00C04F79EFBC}") = "ODAdmin", "ODAdmin\ODAdmin.csproj", "{15EFC23F-41E7-4CDB-AFBE-436A6BE67564}"
EndProject
Project("{FAE04EC0-301F-11D3-BF4B-00C04F79EFBC}") = "ODAdmin.Tests", "ODAdmin.Tests\ODAdmin.Tests.csproj", "{CDB6C85E-4DBB-46C2-B58F-DF9D8BD17037}"
EndProject
Global
	GlobalSection(SolutionConfigurationPlatforms) = preSolution
		Debug|Any CPU = Debug|Any CPU
		Release|Any CPU = Release|Any CPU
	EndGlobalSection
	GlobalSection(ProjectConfigurationPlatforms) = postSolution
		{15EFC23F-41E7-4CDB-AFBE-436A6BE67564}.Debug|Any CPU.ActiveCfg = Debug|Any CPU
		{15EFC23F-41E7-4CDB-AFBE-436A6BE67564}.Debug|Any CPU.Build.0 = Debug|Any CPU
		{15EFC23F-41E7-4CDB-AFBE-436A6BE67564}.Release|Any CPU.ActiveCfg = Release|Any CPU
		{15EFC23F-41E7-4CDB-AFBE-436A6BE67564}.Release|Any CPU.Build.0 = Release|Any CPU
		{CDB6C85E-4DBB-46C2-B58F-DF9D8BD17037}.Debug|Any CPU.ActiveCfg = Debug|Any CPU
		{CDB6C85E-4DBB-46C2-B58F-DF9D8BD17037}.Debug|Any CPU.Build.0 = Debug|Any CPU
		{CDB6C85E-4DBB-46C2-B58F-DF9D8BD17037}.Release|Any CPU.ActiveCfg = Release|Any CPU
		{CDB6C85E-4DBB-46C2-B58F-DF9D8BD17037}.Release|Any CPU.Build.0 = Release|Any CPU
	EndGlobalSection
	GlobalSection(SolutionProperties) = preSolution
		HideSolutionNode = FALSE
	EndGlobalSection
EndGlobal
